
Microsoft Visual Studio Solution File, Format Version 11.00
# Visual Studio 2010
Project("{8BC9CEB8-8B4A-11D0-8D11-00A0C91BC942}") = "rfirstraytracer", "rfirstraytracer.vcxproj", "{CC46ECC1-E22A-4B8B-8813-B5D64A1D2F19}"
EndProject
Global
	GlobalSection(SolutionConfigurationPlatforms) = preSolution
		Debug|Win32 = Debug|Win32
		Release|Win32 = Release|Win32
	EndGlobalSection
	GlobalSection(ProjectConfigurationPlatforms) = postSolution
		{CC46ECC1-E22A-4B8B-8813-B5D64A1D2F19}.Debug|Win32.ActiveCfg = Debug|Win32
		{CC46ECC1-E22A-4B8B-8813-B5D64A1D2F19}.Debug|Win32.Build.0 = Debug|Win32
		{CC46ECC1-E22A-4B8B-8813-B5D64A1D2F19}.Release|Win32.ActiveCfg = Release|Win32
		{CC46ECC1-E22A-4B8B-8813-B5D64A1D2F19}.Release|Win32.Build.0 = Release|Win32
	EndGlobalSection
	GlobalSection(SolutionProperties) = preSolution
		HideSolutionNode = FALSE
	EndGlobalSection
EndGlobal
